
Microsoft Visual Studio Solution File, Format Version 12.00
# Visual Studio Version 16
VisualStudioVersion = 16.0.32228.343
MinimumVisualStudioVersion = 10.0.40219.1
Project("{9A19103F-16F7-4668-BE54-9A1E7A4F7556}") = "Entidades", "Entidades\Entidades.csproj", "{F7EE2922-69D1-45EA-BA67-B5D1CD5709C5}"
EndProject
Project("{9A19103F-16F7-4668-BE54-9A1E7A4F7556}") = "Forms", "Forms\Forms.csproj", "{98F1FDE9-B0E1-477C-8198-467ACD5E7329}"
EndProject
Project("{9A19103F-16F7-4668-BE54-9A1E7A4F7556}") = "TestUnitarios", "TestUnitarios\TestUnitarios.csproj", "{71CAEE14-E98F-4B01-9A68-4DDB5FD6076A}"
EndProject
Global
	GlobalSection(SolutionConfigurationPlatforms) = preSolution
		Debug|Any CPU = Debug|Any CPU
		Release|Any CPU = Release|Any CPU
	EndGlobalSection
	GlobalSection(ProjectConfigurationPlatforms) = postSolution
		{F7EE2922-69D1-45EA-BA67-B5D1CD5709C5}.Debug|Any CPU.ActiveCfg = Debug|Any CPU
		{F7EE2922-69D1-45EA-BA67-B5D1CD5709C5}.Debug|Any CPU.Build.0 = Debug|Any CPU
		{F7EE2922-69D1-45EA-BA67-B5D1CD5709C5}.Release|Any CPU.ActiveCfg = Release|Any CPU
		{F7EE2922-69D1-45EA-BA67-B5D1CD5709C5}.Release|Any CPU.Build.0 = Release|Any CPU
		{98F1FDE9-B0E1-477C-8198-467ACD5E7329}.Debug|Any CPU.ActiveCfg = Debug|Any CPU
		{98F1FDE9-B0E1-477C-8198-467ACD5E7329}.Debug|Any CPU.Build.0 = Debug|Any CPU
		{98F1FDE9-B0E1-477C-8198-467ACD5E7329}.Release|Any CPU.ActiveCfg = Release|Any CPU
		{98F1FDE9-B0E1-477C-8198-467ACD5E7329}.Release|Any CPU.Build.0 = Release|Any CPU
		{71CAEE14-E98F-4B01-9A68-4DDB5FD6076A}.Debug|Any CPU.ActiveCfg = Debug|Any CPU
		{71CAEE14-E98F-4B01-9A68-4DDB5FD6076A}.Debug|Any CPU.Build.0 = Debug|Any CPU
		{71CAEE14-E98F-4B01-9A68-4DDB5FD6076A}.Release|Any CPU.ActiveCfg = Release|Any CPU
		{71CAEE14-E98F-4B01-9A68-4DDB5FD6076A}.Release|Any CPU.Build.0 = Release|Any CPU
	EndGlobalSection
	GlobalSection(SolutionProperties) = preSolution
		HideSolutionNode = FALSE
	EndGlobalSection
	GlobalSection(ExtensibilityGlobals) = postSolution
		SolutionGuid = {0CF38C4A-C822-4369-9443-F31CE849BA28}
	EndGlobalSection
EndGlobal
